// !$*UTF8*$!
{
	archiveVersion = 1;
	classes = {
	};
	objectVersion = 77;
	objects = {

/* Begin PBXContainerItemProxy section */
		26CF647D2DCB3F7200ACEAF6 /* PBXContainerItemProxy */ = {
			isa = PBXContainerItemProxy;
			containerPortal = 26CF64672DCB3F6F00ACEAF6 /* Project object */;
			proxyType = 1;
			remoteGlobalIDString = 26CF646E2DCB3F6F00ACEAF6;
			remoteInfo = MeasureSwift;
		};
		26CF64872DCB3F7200ACEAF6 /* PBXContainerItemProxy */ = {
			isa = PBXContainerItemProxy;
			containerPortal = 26CF64672DCB3F6F00ACEAF6 /* Project object */;
			proxyType = 1;
			remoteGlobalIDString = 26CF646E2DCB3F6F00ACEAF6;
			remoteInfo = MeasureSwift;
		};
/* End PBXContainerItemProxy section */

/* Begin PBXFileReference section */
		26CF646F2DCB3F6F00ACEAF6 /* MeasureSwift.app */ = {isa = PBXFileReference; explicitFileType = wrapper.application; includeInIndex = 0; path = MeasureSwift.app; sourceTree = BUILT_PRODUCTS_DIR; };
		26CF647C2DCB3F7200ACEAF6 /* MeasureSwiftTests.xctest */ = {isa = PBXFileReference; explicitFileType = wrapper.cfbundle; includeInIndex = 0; path = MeasureSwiftTests.xctest; sourceTree = BUILT_PRODUCTS_DIR; };
		26CF64862DCB3F7200ACEAF6 /* MeasureSwiftUITests.xctest */ = {isa = PBXFileReference; explicitFileType = wrapper.cfbundle; includeInIndex = 0; path = MeasureSwiftUITests.xctest; sourceTree = BUILT_PRODUCTS_DIR; };
		26CF64A52DCB40F700ACEAF6 /* MeasureSwift.xctestplan */ = {isa = PBXFileReference; lastKnownFileType = text; path = MeasureSwift.xctestplan; sourceTree = "<group>"; };
/* End PBXFileReference section */

/* Begin PBXFileSystemSynchronizedRootGroup section */
		26CF64712DCB3F6F00ACEAF6 /* MeasureSwift */ = {
			isa = PBXFileSystemSynchronizedRootGroup;
			path = MeasureSwift;
			sourceTree = "<group>";
		};
		26CF647F2DCB3F7200ACEAF6 /* MeasureSwiftTests */ = {
			isa = PBXFileSystemSynchronizedRootGroup;
			path = MeasureSwiftTests;
			sourceTree = "<group>";
		};
		26CF64892DCB3F7200ACEAF6 /* MeasureSwiftUITests */ = {
			isa = PBXFileSystemSynchronizedRootGroup;
			path = MeasureSwiftUITests;
			sourceTree = "<group>";
		};
/* End PBXFileSystemSynchronizedRootGroup section */

/* Begin PBXFrameworksBuildPhase section */
		26CF646C2DCB3F6F00ACEAF6 /* Frameworks */ = {
			isa = PBXFrameworksBuildPhase;
			buildActionMask = 2147483647;
			files = (
			);
			runOnlyForDeploymentPostprocessing = 0;
		};
		26CF64792DCB3F7200ACEAF6 /* Frameworks */ = {
			isa = PBXFrameworksBuildPhase;
			buildActionMask = 2147483647;
			files = (
			);
			runOnlyForDeploymentPostprocessing = 0;
		};
		26CF64832DCB3F7200ACEAF6 /* Frameworks */ = {
			isa = PBXFrameworksBuildPhase;
			buildActionMask = 2147483647;
			files = (
			);
			runOnlyForDeploymentPostprocessing = 0;
		};
/* End PBXFrameworksBuildPhase section */

/* Begin PBXGroup section */
		26CF64662DCB3F6F00ACEAF6 = {
			isa = PBXGroup;
			children = (
				26CF64A52DCB40F700ACEAF6 /* MeasureSwift.xctestplan */,
				26CF64712DCB3F6F00ACEAF6 /* MeasureSwift */,
				26CF647F2DCB3F7200ACEAF6 /* MeasureSwiftTests */,
				26CF64892DCB3F7200ACEAF6 /* MeasureSwiftUITests */,
				26CF64702DCB3F6F00ACEAF6 /* Products */,
			);
			sourceTree = "<group>";
		};
		26CF64702DCB3F6F00ACEAF6 /* Products */ = {
			isa = PBXGroup;
			children = (
				26CF646F2DCB3F6F00ACEAF6 /* MeasureSwift.app */,
				26CF647C2DCB3F7200ACEAF6 /* MeasureSwiftTests.xctest */,
				26CF64862DCB3F7200ACEAF6 /* MeasureSwiftUITests.xctest */,
			);
			name = Products;
			sourceTree = "<group>";
		};
/* End PBXGroup section */

/* Begin PBXNativeTarget section */
		26CF646E2DCB3F6F00ACEAF6 /* MeasureSwift */ = {
			isa = PBXNativeTarget;
			buildConfigurationList = 26CF64902DCB3F7200ACEAF6 /* Build configuration list for PBXNativeTarget "MeasureSwift" */;
			buildPhases = (
				26CF646B2DCB3F6F00ACEAF6 /* Sources */,
				26CF646C2DCB3F6F00ACEAF6 /* Frameworks */,
				26CF646D2DCB3F6F00ACEAF6 /* Resources */,
			);
			buildRules = (
			);
			dependencies = (
			);
			fileSystemSynchronizedGroups = (
				26CF64712DCB3F6F00ACEAF6 /* MeasureSwift */,
			);
			name = MeasureSwift;
			packageProductDependencies = (
			);
			productName = MeasureSwift;
			productReference = 26CF646F2DCB3F6F00ACEAF6 /* MeasureSwift.app */;
			productType = "com.apple.product-type.application";
		};
		26CF647B2DCB3F7200ACEAF6 /* MeasureSwiftTests */ = {
			isa = PBXNativeTarget;
			buildConfigurationList = 26CF64932DCB3F7200ACEAF6 /* Build configuration list for PBXNativeTarget "MeasureSwiftTests" */;
			buildPhases = (
				26CF64782DCB3F7200ACEAF6 /* Sources */,
				26CF64792DCB3F7200ACEAF6 /* Frameworks */,
				26CF647A2DCB3F7200ACEAF6 /* Resources */,
			);
			buildRules = (
			);
			dependencies = (
				26CF647E2DCB3F7200ACEAF6 /* PBXTargetDependency */,
			);
			fileSystemSynchronizedGroups = (
				26CF647F2DCB3F7200ACEAF6 /* MeasureSwiftTests */,
			);
			name = MeasureSwiftTests;
			packageProductDependencies = (
			);
			productName = MeasureSwiftTests;
			productReference = 26CF647C2DCB3F7200ACEAF6 /* MeasureSwiftTests.xctest */;
			productType = "com.apple.product-type.bundle.unit-test";
		};
		26CF64852DCB3F7200ACEAF6 /* MeasureSwiftUITests */ = {
			isa = PBXNativeTarget;
			buildConfigurationList = 26CF64962DCB3F7200ACEAF6 /* Build configuration list for PBXNativeTarget "MeasureSwiftUITests" */;
			buildPhases = (
				26CF64822DCB3F7200ACEAF6 /* Sources */,
				26CF64832DCB3F7200ACEAF6 /* Frameworks */,
				26CF64842DCB3F7200ACEAF6 /* Resources */,
			);
			buildRules = (
			);
			dependencies = (
				26CF64882DCB3F7200ACEAF6 /* PBXTargetDependency */,
			);
			fileSystemSynchronizedGroups = (
				26CF64892DCB3F7200ACEAF6 /* MeasureSwiftUITests */,
			);
			name = MeasureSwiftUITests;
			packageProductDependencies = (
			);
			productName = MeasureSwiftUITests;
			productReference = 26CF64862DCB3F7200ACEAF6 /* MeasureSwiftUITests.xctest */;
			productType = "com.apple.product-type.bundle.ui-testing";
		};
/* End PBXNativeTarget section */

/* Begin PBXProject section */
		26CF64672DCB3F6F00ACEAF6 /* Project object */ = {
			isa = PBXProject;
			attributes = {
				BuildIndependentTargetsInParallel = 1;
				LastSwiftUpdateCheck = 1630;
				LastUpgradeCheck = 1630;
				TargetAttributes = {
					26CF646E2DCB3F6F00ACEAF6 = {
						CreatedOnToolsVersion = 16.3;
					};
					26CF647B2DCB3F7200ACEAF6 = {
						CreatedOnToolsVersion = 16.3;
						TestTargetID = 26CF646E2DCB3F6F00ACEAF6;
					};
					26CF64852DCB3F7200ACEAF6 = {
						CreatedOnToolsVersion = 16.3;
						TestTargetID = 26CF646E2DCB3F6F00ACEAF6;
					};
				};
			};
			buildConfigurationList = 26CF646A2DCB3F6F00ACEAF6 /* Build configuration list for PBXProject "MeasureSwift" */;
			developmentRegion = en;
			hasScannedForEncodings = 0;
			knownRegions = (
				en,
				Base,
			);
			mainGroup = 26CF64662DCB3F6F00ACEAF6;
			minimizedProjectReferenceProxies = 1;
			preferredProjectObjectVersion = 77;
			productRefGroup = 26CF64702DCB3F6F00ACEAF6 /* Products */;
			projectDirPath = "";
			projectRoot = "";
			targets = (
				26CF646E2DCB3F6F00ACEAF6 /* MeasureSwift */,
				26CF647B2DCB3F7200ACEAF6 /* MeasureSwiftTests */,
				26CF64852DCB3F7200ACEAF6 /* MeasureSwiftUITests */,
			);
		};
/* End PBXProject section */

/* Begin PBXResourcesBuildPhase section */
		26CF646D2DCB3F6F00ACEAF6 /* Resources */ = {
			isa = PBXResourcesBuildPhase;
			buildActionMask = 2147483647;
			files = (
			);
			runOnlyForDeploymentPostprocessing = 0;
		};
		26CF647A2DCB3F7200ACEAF6 /* Resources */ = {
			isa = PBXResourcesBuildPhase;
			buildActionMask = 2147483647;
			files = (
			);
			runOnlyForDeploymentPostprocessing = 0;
		};
		26CF64842DCB3F7200ACEAF6 /* Resources */ = {
			isa = PBXResourcesBuildPhase;
			buildActionMask = 2147483647;
			files = (
			);
			runOnlyForDeploymentPostprocessing = 0;
		};
/* End PBXResourcesBuildPhase section */

/* Begin PBXSourcesBuildPhase section */
		26CF646B2DCB3F6F00ACEAF6 /* Sources */ = {
			isa = PBXSourcesBuildPhase;
			buildActionMask = 2147483647;
			files = (
			);
			runOnlyForDeploymentPostprocessing = 0;
		};
		26CF64782DCB3F7200ACEAF6 /* Sources */ = {
			isa = PBXSourcesBuildPhase;
			buildActionMask = 2147483647;
			files = (
			);
			runOnlyForDeploymentPostprocessing = 0;
		};
		26CF64822DCB3F7200ACEAF6 /* Sources */ = {
			isa = PBXSourcesBuildPhase;
			buildActionMask = 2147483647;
			files = (
			);
			runOnlyForDeploymentPostprocessing = 0;
		};
/* End PBXSourcesBuildPhase section */

/* Begin PBXTargetDependency section */
		26CF647E2DCB3F7200ACEAF6 /* PBXTargetDependency */ = {
			isa = PBXTargetDependency;
			target = 26CF646E2DCB3F6F00ACEAF6 /* MeasureSwift */;
			targetProxy = 26CF647D2DCB3F7200ACEAF6 /* PBXContainerItemProxy */;
		};
		26CF64882DCB3F7200ACEAF6 /* PBXTargetDependency */ = {
			isa = PBXTargetDependency;
			target = 26CF646E2DCB3F6F00ACEAF6 /* MeasureSwift */;
			targetProxy = 26CF64872DCB3F7200ACEAF6 /* PBXContainerItemProxy */;
		};
/* End PBXTargetDependency section */

/* Begin XCBuildConfiguration section */
		26CF648E2DCB3F7200ACEAF6 /* Debug */ = {
			isa = XCBuildConfiguration;
			buildSettings = {
				ALWAYS_SEARCH_USER_PATHS = NO;
				ASSETCATALOG_COMPILER_GENERATE_SWIFT_ASSET_SYMBOL_EXTENSIONS = YES;
				CLANG_ANALYZER_NONNULL = YES;
				CLANG_ANALYZER_NUMBER_OBJECT_CONVERSION = YES_AGGRESSIVE;
				CLANG_CXX_LANGUAGE_STANDARD = "gnu++20";
				CLANG_ENABLE_MODULES = YES;
				CLANG_ENABLE_OBJC_ARC = YES;
				CLANG_ENABLE_OBJC_WEAK = YES;
				CLANG_WARN_BLOCK_CAPTURE_AUTORELEASING = YES;
				CLANG_WARN_BOOL_CONVERSION = YES;
				CLANG_WARN_COMMA = YES;
				CLANG_WARN_CONSTANT_CONVERSION = YES;
				CLANG_WARN_DEPRECATED_OBJC_IMPLEMENTATIONS = YES;
				CLANG_WARN_DIRECT_OBJC_ISA_USAGE = YES_ERROR;
				CLANG_WARN_DOCUMENTATION_COMMENTS = YES;
				CLANG_WARN_EMPTY_BODY = YES;
				CLANG_WARN_ENUM_CONVERSION = YES;
				CLANG_WARN_INFINITE_RECURSION = YES;
				CLANG_WARN_INT_CONVERSION = YES;
				CLANG_WARN_NON_LITERAL_NULL_CONVERSION = YES;
				CLANG_WARN_OBJC_IMPLICIT_RETAIN_SELF = YES;
				CLANG_WARN_OBJC_LITERAL_CONVERSION = YES;
				CLANG_WARN_OBJC_ROOT_CLASS = YES_ERROR;
				CLANG_WARN_QUOTED_INCLUDE_IN_FRAMEWORK_HEADER = YES;
				CLANG_WARN_RANGE_LOOP_ANALYSIS = YES;
				CLANG_WARN_STRICT_PROTOTYPES = YES;
				CLANG_WARN_SUSPICIOUS_MOVE = YES;
				CLANG_WARN_UNGUARDED_AVAILABILITY = YES_AGGRESSIVE;
				CLANG_WARN_UNREACHABLE_CODE = YES;
				CLANG_WARN__DUPLICATE_METHOD_MATCH = YES;
				COPY_PHASE_STRIP = NO;
				DEBUG_INFORMATION_FORMAT = dwarf;
				DEVELOPMENT_TEAM = CB9C9BGTHV;
				ENABLE_STRICT_OBJC_MSGSEND = YES;
				ENABLE_TESTABILITY = YES;
				ENABLE_USER_SCRIPT_SANDBOXING = YES;
				GCC_C_LANGUAGE_STANDARD = gnu17;
				GCC_DYNAMIC_NO_PIC = NO;
				GCC_NO_COMMON_BLOCKS = YES;
				GCC_OPTIMIZATION_LEVEL = 0;
				GCC_PREPROCESSOR_DEFINITIONS = (
					"DEBUG=1",
					"$(inherited)",
				);
				GCC_WARN_64_TO_32_BIT_CONVERSION = YES;
				GCC_WARN_ABOUT_RETURN_TYPE = YES_ERROR;
				GCC_WARN_UNDECLARED_SELECTOR = YES;
				GCC_WARN_UNINITIALIZED_AUTOS = YES_AGGRESSIVE;
				GCC_WARN_UNUSED_FUNCTION = YES;
				GCC_WARN_UNUSED_VARIABLE = YES;
				IPHONEOS_DEPLOYMENT_TARGET = 18.4;
				LOCALIZATION_PREFERS_STRING_CATALOGS = YES;
				MTL_ENABLE_DEBUG_INFO = INCLUDE_SOURCE;
				MTL_FAST_MATH = YES;
				ONLY_ACTIVE_ARCH = YES;
				SDKROOT = iphoneos;
				SWIFT_ACTIVE_COMPILATION_CONDITIONS = "DEBUG $(inherited)";
				SWIFT_OPTIMIZATION_LEVEL = "-Onone";
			};
			name = Debug;
		};
		26CF648F2DCB3F7200ACEAF6 /* Release */ = {
			isa = XCBuildConfiguration;
			buildSettings = {
				ALWAYS_SEARCH_USER_PATHS = NO;
				ASSETCATALOG_COMPILER_GENERATE_SWIFT_ASSET_SYMBOL_EXTENSIONS = YES;
				CLANG_ANALYZER_NONNULL = YES;
				CLANG_ANALYZER_NUMBER_OBJECT_CONVERSION = YES_AGGRESSIVE;
				CLANG_CXX_LANGUAGE_STANDARD = "gnu++20";
				CLANG_ENABLE_MODULES = YES;
				CLANG_ENABLE_OBJC_ARC = YES;
				CLANG_ENABLE_OBJC_WEAK = YES;
				CLANG_WARN_BLOCK_CAPTURE_AUTORELEASING = YES;
				CLANG_WARN_BOOL_CONVERSION = YES;
				CLANG_WARN_COMMA = YES;
				CLANG_WARN_CONSTANT_CONVERSION = YES;
				CLANG_WARN_DEPRECATED_OBJC_IMPLEMENTATIONS = YES;
				CLANG_WARN_DIRECT_OBJC_ISA_USAGE = YES_ERROR;
				CLANG_WARN_DOCUMENTATION_COMMENTS = YES;
				CLANG_WARN_EMPTY_BODY = YES;
				CLANG_WARN_ENUM_CONVERSION = YES;
				CLANG_WARN_INFINITE_RECURSION = YES;
				CLANG_WARN_INT_CONVERSION = YES;
				CLANG_WARN_NON_LITERAL_NULL_CONVERSION = YES;
				CLANG_WARN_OBJC_IMPLICIT_RETAIN_SELF = YES;
				CLANG_WARN_OBJC_LITERAL_CONVERSION = YES;
				CLANG_WARN_OBJC_ROOT_CLASS = YES_ERROR;
				CLANG_WARN_QUOTED_INCLUDE_IN_FRAMEWORK_HEADER = YES;
				CLANG_WARN_RANGE_LOOP_ANALYSIS = YES;
				CLANG_WARN_STRICT_PROTOTYPES = YES;
				CLANG_WARN_SUSPICIOUS_MOVE = YES;
				CLANG_WARN_UNGUARDED_AVAILABILITY = YES_AGGRESSIVE;
				CLANG_WARN_UNREACHABLE_CODE = YES;
				CLANG_WARN__DUPLICATE_METHOD_MATCH = YES;
				COPY_PHASE_STRIP = NO;
				DEBUG_INFORMATION_FORMAT = "dwarf-with-dsym";
				DEVELOPMENT_TEAM = CB9C9BGTHV;
				ENABLE_NS_ASSERTIONS = NO;
				ENABLE_STRICT_OBJC_MSGSEND = YES;
				ENABLE_USER_SCRIPT_SANDBOXING = YES;
				GCC_C_LANGUAGE_STANDARD = gnu17;
				GCC_NO_COMMON_BLOCKS = YES;
				GCC_WARN_64_TO_32_BIT_CONVERSION = YES;
				GCC_WARN_ABOUT_RETURN_TYPE = YES_ERROR;
				GCC_WARN_UNDECLARED_SELECTOR = YES;
				GCC_WARN_UNINITIALIZED_AUTOS = YES_AGGRESSIVE;
				GCC_WARN_UNUSED_FUNCTION = YES;
				GCC_WARN_UNUSED_VARIABLE = YES;
				IPHONEOS_DEPLOYMENT_TARGET = 18.4;
				LOCALIZATION_PREFERS_STRING_CATALOGS = YES;
				MTL_ENABLE_DEBUG_INFO = NO;
				MTL_FAST_MATH = YES;
				SDKROOT = iphoneos;
				SWIFT_COMPILATION_MODE = wholemodule;
				VALIDATE_PRODUCT = YES;
			};
			name = Release;
		};
		26CF64912DCB3F7200ACEAF6 /* Debug */ = {
			isa = XCBuildConfiguration;
			buildSettings = {
				ASSETCATALOG_COMPILER_APPICON_NAME = AppIcon;
				ASSETCATALOG_COMPILER_GLOBAL_ACCENT_COLOR_NAME = AccentColor;
				CODE_SIGN_STYLE = Automatic;
				CURRENT_PROJECT_VERSION = 1;
				DEVELOPMENT_TEAM = CB9C9BGTHV;
				ENABLE_PREVIEWS = YES;
				GENERATE_INFOPLIST_FILE = YES;
				INFOPLIST_KEY_UIApplicationSceneManifest_Generation = YES;
				INFOPLIST_KEY_UIApplicationSupportsIndirectInputEvents = YES;
				INFOPLIST_KEY_UILaunchScreen_Generation = YES;
				INFOPLIST_KEY_UISupportedInterfaceOrientations_iPad = "UIInterfaceOrientationPortrait UIInterfaceOrientationPortraitUpsideDown UIInterfaceOrientationLandscapeLeft UIInterfaceOrientationLandscapeRight";
				INFOPLIST_KEY_UISupportedInterfaceOrientations_iPhone = "UIInterfaceOrientationPortrait UIInterfaceOrientationLandscapeLeft UIInterfaceOrientationLandscapeRight";
				LD_RUNPATH_SEARCH_PATHS = (
					"$(inherited)",
					"@executable_path/Frameworks",
				);
				MARKETING_VERSION = 1.0;
				PRODUCT_BUNDLE_IDENTIFIER = com.fahied.MeasureSwift;
				PRODUCT_NAME = "$(TARGET_NAME)";
				SWIFT_EMIT_LOC_STRINGS = YES;
				SWIFT_VERSION = 5.0;
				TARGETED_DEVICE_FAMILY = "1,2";
			};
			name = Debug;
		};
		26CF64922DCB3F7200ACEAF6 /* Release */ = {
			isa = XCBuildConfiguration;
			buildSettings = {
				ASSETCATALOG_COMPILER_APPICON_NAME = AppIcon;
				ASSETCATALOG_COMPILER_GLOBAL_ACCENT_COLOR_NAME = AccentColor;
				CODE_SIGN_STYLE = Automatic;
				CURRENT_PROJECT_VERSION = 1;
				DEVELOPMENT_TEAM = CB9C9BGTHV;
				ENABLE_PREVIEWS = YES;
				GENERATE_INFOPLIST_FILE = YES;
				INFOPLIST_KEY_UIApplicationSceneManifest_Generation = YES;
				INFOPLIST_KEY_UIApplicationSupportsIndirectInputEvents = YES;
				INFOPLIST_KEY_UILaunchScreen_Generation = YES;
				INFOPLIST_KEY_UISupportedInterfaceOrientations_iPad = "UIInterfaceOrientationPortrait UIInterfaceOrientationPortraitUpsideDown UIInterfaceOrientationLandscapeLeft UIInterfaceOrientationLandscapeRight";
				INFOPLIST_KEY_UISupportedInterfaceOrientations_iPhone = "UIInterfaceOrientationPortrait UIInterfaceOrientationLandscapeLeft UIInterfaceOrientationLandscapeRight";
				LD_RUNPATH_SEARCH_PATHS = (
					"$(inherited)",
					"@executable_path/Frameworks",
				);
				MARKETING_VERSION = 1.0;
				PRODUCT_BUNDLE_IDENTIFIER = com.fahied.MeasureSwift;
				PRODUCT_NAME = "$(TARGET_NAME)";
				SWIFT_EMIT_LOC_STRINGS = YES;
				SWIFT_VERSION = 5.0;
				TARGETED_DEVICE_FAMILY = "1,2";
			};
			name = Release;
		};
		26CF64942DCB3F7200ACEAF6 /* Debug */ = {
			isa = XCBuildConfiguration;
			buildSettings = {
				BUNDLE_LOADER = "$(TEST_HOST)";
				CODE_SIGN_STYLE = Automatic;
				CURRENT_PROJECT_VERSION = 1;
				DEVELOPMENT_TEAM = CB9C9BGTHV;
				GENERATE_INFOPLIST_FILE = YES;
				IPHONEOS_DEPLOYMENT_TARGET = 18.4;
				MARKETING_VERSION = 1.0;
				PRODUCT_BUNDLE_IDENTIFIER = com.fahied.MeasureSwiftTests;
				PRODUCT_NAME = "$(TARGET_NAME)";
				SWIFT_EMIT_LOC_STRINGS = NO;
				SWIFT_VERSION = 5.0;
				TARGETED_DEVICE_FAMILY = "1,2";
				TEST_HOST = "$(BUILT_PRODUCTS_DIR)/MeasureSwift.app/$(BUNDLE_EXECUTABLE_FOLDER_PATH)/MeasureSwift";
			};
			name = Debug;
		};
		26CF64952DCB3F7200ACEAF6 /* Release */ = {
			isa = XCBuildConfiguration;
			buildSettings = {
				BUNDLE_LOADER = "$(TEST_HOST)";
				CODE_SIGN_STYLE = Automatic;
				CURRENT_PROJECT_VERSION = 1;
				DEVELOPMENT_TEAM = CB9C9BGTHV;
				GENERATE_INFOPLIST_FILE = YES;
				IPHONEOS_DEPLOYMENT_TARGET = 18.4;
				MARKETING_VERSION = 1.0;
				PRODUCT_BUNDLE_IDENTIFIER = com.fahied.MeasureSwiftTests;
				PRODUCT_NAME = "$(TARGET_NAME)";
				SWIFT_EMIT_LOC_STRINGS = NO;
				SWIFT_VERSION = 5.0;
				TARGETED_DEVICE_FAMILY = "1,2";
				TEST_HOST = "$(BUILT_PRODUCTS_DIR)/MeasureSwift.app/$(BUNDLE_EXECUTABLE_FOLDER_PATH)/MeasureSwift";
			};
			name = Release;
		};
		26CF64972DCB3F7200ACEAF6 /* Debug */ = {
			isa = XCBuildConfiguration;
			buildSettings = {
				CODE_SIGN_STYLE = Automatic;
				CURRENT_PROJECT_VERSION = 1;
				DEVELOPMENT_TEAM = CB9C9BGTHV;
				GENERATE_INFOPLIST_FILE = YES;
				MARKETING_VERSION = 1.0;
				PRODUCT_BUNDLE_IDENTIFIER = com.fahied.MeasureSwiftUITests;
				PRODUCT_NAME = "$(TARGET_NAME)";
				SWIFT_EMIT_LOC_STRINGS = NO;
				SWIFT_VERSION = 5.0;
				TARGETED_DEVICE_FAMILY = "1,2";
				TEST_TARGET_NAME = MeasureSwift;
			};
			name = Debug;
		};
		26CF64982DCB3F7200ACEAF6 /* Release */ = {
			isa = XCBuildConfiguration;
			buildSettings = {
				CODE_SIGN_STYLE = Automatic;
				CURRENT_PROJECT_VERSION = 1;
				DEVELOPMENT_TEAM = CB9C9BGTHV;
				GENERATE_INFOPLIST_FILE = YES;
				MARKETING_VERSION = 1.0;
				PRODUCT_BUNDLE_IDENTIFIER = com.fahied.MeasureSwiftUITests;
				PRODUCT_NAME = "$(TARGET_NAME)";
				SWIFT_EMIT_LOC_STRINGS = NO;
				SWIFT_VERSION = 5.0;
				TARGETED_DEVICE_FAMILY = "1,2";
				TEST_TARGET_NAME = MeasureSwift;
			};
			name = Release;
		};
/* End XCBuildConfiguration section */

/* Begin XCConfigurationList section */
		26CF646A2DCB3F6F00ACEAF6 /* Build configuration list for PBXProject "MeasureSwift" */ = {
			isa = XCConfigurationList;
			buildConfigurations = (
				26CF648E2DCB3F7200ACEAF6 /* Debug */,
				26CF648F2DCB3F7200ACEAF6 /* Release */,
			);
			defaultConfigurationIsVisible = 0;
			defaultConfigurationName = Release;
		};
		26CF64902DCB3F7200ACEAF6 /* Build configuration list for PBXNativeTarget "MeasureSwift" */ = {
			isa = XCConfigurationList;
			buildConfigurations = (
				26CF64912DCB3F7200ACEAF6 /* Debug */,
				26CF64922DCB3F7200ACEAF6 /* Release */,
			);
			defaultConfigurationIsVisible = 0;
			defaultConfigurationName = Release;
		};
		26CF64932DCB3F7200ACEAF6 /* Build configuration list for PBXNativeTarget "MeasureSwiftTests" */ = {
			isa = XCConfigurationList;
			buildConfigurations = (
				26CF64942DCB3F7200ACEAF6 /* Debug */,
				26CF64952DCB3F7200ACEAF6 /* Release */,
			);
			defaultConfigurationIsVisible = 0;
			defaultConfigurationName = Release;
		};
		26CF64962DCB3F7200ACEAF6 /* Build configuration list for PBXNativeTarget "MeasureSwiftUITests" */ = {
			isa = XCConfigurationList;
			buildConfigurations = (
				26CF64972DCB3F7200ACEAF6 /* Debug */,
				26CF64982DCB3F7200ACEAF6 /* Release */,
			);
			defaultConfigurationIsVisible = 0;
			defaultConfigurationName = Release;
		};
/* End XCConfigurationList section */
	};
	rootObject = 26CF64672DCB3F6F00ACEAF6 /* Project object */;
}
